Microsoft Visual Studio Solution File, Format Version 11.00
# Visual Studio 2008

Project("{F542E296-AF9B-D593-C4E0-6B5A31A6EAB4}") = "SSS", "Assembly-CSharp-vs.csproj", "{B761A0C2-538D-562E-942C-389A1924BB0D}"
EndProject
Project("{F542E296-AF9B-D593-C4E0-6B5A31A6EAB4}") = "SSS", "Assembly-CSharp-Editor-vs.csproj", "{F0806D65-C658-BD88-15A7-C96ABDC96E33}"
EndProject
Global
	GlobalSection(SolutionConfigurationPlatforms) = preSolution
		Debug|Any CPU = Debug|Any CPU
		Release|Any CPU = Release|Any CPU
	EndGlobalSection
	GlobalSection(ProjectConfigurationPlatforms) = postSolution
		{B761A0C2-538D-562E-942C-389A1924BB0D}.Debug|Any CPU.ActiveCfg = Debug|Any CPU
		{B761A0C2-538D-562E-942C-389A1924BB0D}.Debug|Any CPU.Build.0 = Debug|Any CPU
		{B761A0C2-538D-562E-942C-389A1924BB0D}.Release|Any CPU.ActiveCfg = Release|Any CPU
		{B761A0C2-538D-562E-942C-389A1924BB0D}.Release|Any CPU.Build.0 = Release|Any CPU
		{F0806D65-C658-BD88-15A7-C96ABDC96E33}.Debug|Any CPU.ActiveCfg = Debug|Any CPU
		{F0806D65-C658-BD88-15A7-C96ABDC96E33}.Debug|Any CPU.Build.0 = Debug|Any CPU
		{F0806D65-C658-BD88-15A7-C96ABDC96E33}.Release|Any CPU.ActiveCfg = Release|Any CPU
		{F0806D65-C658-BD88-15A7-C96ABDC96E33}.Release|Any CPU.Build.0 = Release|Any CPU
	EndGlobalSection
	GlobalSection(SolutionProperties) = preSolution
		HideSolutionNode = FALSE
	EndGlobalSection
										GlobalSection(MonoDevelopProperties) = preSolution
		StartupItem = Assembly-CSharp.csproj
		Policies = $0
		$0.TextStylePolicy = $1
		$1.inheritsSet = null
		$1.scope = text/x-csharp
		$0.CSharpFormattingPolicy = $2
		$2.inheritsSet = Mono
		$2.inheritsScope = text/x-csharp
		$2.scope = text/x-csharp
		$0.TextStylePolicy = $3
		$3.FileWidth = 120
		$3.TabWidth = 4
		$3.EolMarker = Unix
		$3.inheritsSet = Mono
		$3.inheritsScope = text/plain
		$3.scope = text/plain
	EndGlobalSection

EndGlobal
